// !$*UTF8*$!
{
	archiveVersion = 1;
	classes = {
	};
	objectVersion = 46;
	objects = {

/* Begin PBXBuildFile section */
		1B7EB7061E6C735A0069D549 /* AppDelegate.swift in Sources */ = {isa = PBXBuildFile; fileRef = 1B7EB7051E6C735A0069D549 /* AppDelegate.swift */; };
		1B7EB7081E6C735B0069D549 /* ViewController.swift in Sources */ = {isa = PBXBuildFile; fileRef = 1B7EB7071E6C735A0069D549 /* ViewController.swift */; };
		1B7EB70B1E6C735B0069D549 /* Main.storyboard in Resources */ = {isa = PBXBuildFile; fileRef = 1B7EB7091E6C735B0069D549 /* Main.storyboard */; };
		1B7EB70D1E6C735B0069D549 /* Assets.xcassets in Resources */ = {isa = PBXBuildFile; fileRef = 1B7EB70C1E6C735B0069D549 /* Assets.xcassets */; };
		1B7EB7101E6C735B0069D549 /* LaunchScreen.storyboard in Resources */ = {isa = PBXBuildFile; fileRef = 1B7EB70E1E6C735B0069D549 /* LaunchScreen.storyboard */; };
		1B7EB71B1E6C735B0069D549 /* VFlyerTests.swift in Sources */ = {isa = PBXBuildFile; fileRef = 1B7EB71A1E6C735B0069D549 /* VFlyerTests.swift */; };
/* End PBXBuildFile section */

/* Begin PBXContainerItemProxy section */
		1B7EB7171E6C735B0069D549 /* PBXContainerItemProxy */ = {
			isa = PBXContainerItemProxy;
			containerPortal = 1B7EB6FA1E6C735A0069D549 /* Project object */;
			proxyType = 1;
			remoteGlobalIDString = 1B7EB7011E6C735A0069D549;
			remoteInfo = VFlyer;
		};
/* End PBXContainerItemProxy section */

/* Begin PBXFileReference section */
		1B7EB7021E6C735A0069D549 /* VFlyer.app */ = {isa = PBXFileReference; explicitFileType = wrapper.application; includeInIndex = 0; path = VFlyer.app; sourceTree = BUILT_PRODUCTS_DIR; };
		1B7EB7051E6C735A0069D549 /* AppDelegate.swift */ = {isa = PBXFileReference; lastKnownFileType = sourcecode.swift; path = AppDelegate.swift; sourceTree = "<group>"; };
		1B7EB7071E6C735A0069D549 /* ViewController.swift */ = {isa = PBXFileReference; lastKnownFileType = sourcecode.swift; path = ViewController.swift; sourceTree = "<group>"; };
		1B7EB70A1E6C735B0069D549 /* Base */ = {isa = PBXFileReference; lastKnownFileType = file.storyboard; name = Base; path = Base.lproj/Main.storyboard; sourceTree = "<group>"; };
		1B7EB70C1E6C735B0069D549 /* Assets.xcassets */ = {isa = PBXFileReference; lastKnownFileType = folder.assetcatalog; path = Assets.xcassets; sourceTree = "<group>"; };
		1B7EB70F1E6C735B0069D549 /* Base */ = {isa = PBXFileReference; lastKnownFileType = file.storyboard; name = Base; path = Base.lproj/LaunchScreen.storyboard; sourceTree = "<group>"; };
		1B7EB7111E6C735B0069D549 /* Info.plist */ = {isa = PBXFileReference; lastKnownFileType = text.plist.xml; path = Info.plist; sourceTree = "<group>"; };
		1B7EB7161E6C735B0069D549 /* VFlyerTests.xctest */ = {isa = PBXFileReference; explicitFileType = wrapper.cfbundle; includeInIndex = 0; path = VFlyerTests.xctest; sourceTree = BUILT_PRODUCTS_DIR; };
		1B7EB71A1E6C735B0069D549 /* VFlyerTests.swift */ = {isa = PBXFileReference; lastKnownFileType = sourcecode.swift; path = VFlyerTests.swift; sourceTree = "<group>"; };
		1B7EB71C1E6C735B0069D549 /* Info.plist */ = {isa = PBXFileReference; lastKnownFileType = text.plist.xml; path = Info.plist; sourceTree = "<group>"; };
/* End PBXFileReference section */

/* Begin PBXFrameworksBuildPhase section */
		1B7EB6FF1E6C735A0069D549 /* Frameworks */ = {
			isa = PBXFrameworksBuildPhase;
			buildActionMask = 2147483647;
			files = (
			);
			runOnlyForDeploymentPostprocessing = 0;
		};
		1B7EB7131E6C735B0069D549 /* Frameworks */ = {
			isa = PBXFrameworksBuildPhase;
			buildActionMask = 2147483647;
			files = (
			);
			runOnlyForDeploymentPostprocessing = 0;
		};
/* End PBXFrameworksBuildPhase section */

/* Begin PBXGroup section */
		1B7EB6F91E6C735A0069D549 = {
			isa = PBXGroup;
			children = (
				1B7EB7041E6C735A0069D549 /* VFlyer */,
				1B7EB7191E6C735B0069D549 /* VFlyerTests */,
				1B7EB7031E6C735A0069D549 /* Products */,
			);
			sourceTree = "<group>";
		};
		1B7EB7031E6C735A0069D549 /* Products */ = {
			isa = PBXGroup;
			children = (
				1B7EB7021E6C735A0069D549 /* VFlyer.app */,
				1B7EB7161E6C735B0069D549 /* VFlyerTests.xctest */,
			);
			name = Products;
			sourceTree = "<group>";
		};
		1B7EB7041E6C735A0069D549 /* VFlyer */ = {
			isa = PBXGroup;
			children = (
				1B7EB7051E6C735A0069D549 /* AppDelegate.swift */,
				1B7EB7071E6C735A0069D549 /* ViewController.swift */,
				1B7EB7091E6C735B0069D549 /* Main.storyboard */,
				1B7EB70C1E6C735B0069D549 /* Assets.xcassets */,
				1B7EB70E1E6C735B0069D549 /* LaunchScreen.storyboard */,
				1B7EB7111E6C735B0069D549 /* Info.plist */,
			);
			path = VFlyer;
			sourceTree = "<group>";
		};
		1B7EB7191E6C735B0069D549 /* VFlyerTests */ = {
			isa = PBXGroup;
			children = (
				1B7EB71A1E6C735B0069D549 /* VFlyerTests.swift */,
				1B7EB71C1E6C735B0069D549 /* Info.plist */,
			);
			path = VFlyerTests;
			sourceTree = "<group>";
		};
/* End PBXGroup section */

/* Begin PBXNativeTarget section */
		1B7EB7011E6C735A0069D549 /* VFlyer */ = {
			isa = PBXNativeTarget;
			buildConfigurationList = 1B7EB71F1E6C735B0069D549 /* Build configuration list for PBXNativeTarget "VFlyer" */;
			buildPhases = (
				1B7EB6FE1E6C735A0069D549 /* Sources */,
				1B7EB6FF1E6C735A0069D549 /* Frameworks */,
				1B7EB7001E6C735A0069D549 /* Resources */,
			);
			buildRules = (
			);
			dependencies = (
			);
			name = VFlyer;
			productName = VFlyer;
			productReference = 1B7EB7021E6C735A0069D549 /* VFlyer.app */;
			productType = "com.apple.product-type.application";
		};
		1B7EB7151E6C735B0069D549 /* VFlyerTests */ = {
			isa = PBXNativeTarget;
			buildConfigurationList = 1B7EB7221E6C735B0069D549 /* Build configuration list for PBXNativeTarget "VFlyerTests" */;
			buildPhases = (
				1B7EB7121E6C735B0069D549 /* Sources */,
				1B7EB7131E6C735B0069D549 /* Frameworks */,
				1B7EB7141E6C735B0069D549 /* Resources */,
			);
			buildRules = (
			);
			dependencies = (
				1B7EB7181E6C735B0069D549 /* PBXTargetDependency */,
			);
			name = VFlyerTests;
			productName = VFlyerTests;
			productReference = 1B7EB7161E6C735B0069D549 /* VFlyerTests.xctest */;
			productType = "com.apple.product-type.bundle.unit-test";
		};
/* End PBXNativeTarget section */

/* Begin PBXProject section */
		1B7EB6FA1E6C735A0069D549 /* Project object */ = {
			isa = PBXProject;
			attributes = {
				LastSwiftUpdateCheck = 0820;
				LastUpgradeCheck = 0820;
				ORGANIZATIONNAME = "Mat Wilkie";
				TargetAttributes = {
					1B7EB7011E6C735A0069D549 = {
						CreatedOnToolsVersion = 8.2.1;
						DevelopmentTeam = 6X5B26J782;
						ProvisioningStyle = Automatic;
					};
					1B7EB7151E6C735B0069D549 = {
						CreatedOnToolsVersion = 8.2.1;
						DevelopmentTeam = 6X5B26J782;
						ProvisioningStyle = Automatic;
						TestTargetID = 1B7EB7011E6C735A0069D549;
					};
				};
			};
			buildConfigurationList = 1B7EB6FD1E6C735A0069D549 /* Build configuration list for PBXProject "VFlyer" */;
			compatibilityVersion = "Xcode 3.2";
			developmentRegion = English;
			hasScannedForEncodings = 0;
			knownRegions = (
				en,
				Base,
			);
			mainGroup = 1B7EB6F91E6C735A0069D549;
			productRefGroup = 1B7EB7031E6C735A0069D549 /* Products */;
			projectDirPath = "";
			projectRoot = "";
			targets = (
				1B7EB7011E6C735A0069D549 /* VFlyer */,
				1B7EB7151E6C735B0069D549 /* VFlyerTests */,
			);
		};
/* End PBXProject section */

/* Begin PBXResourcesBuildPhase section */
		1B7EB7001E6C735A0069D549 /* Resources */ = {
			isa = PBXResourcesBuildPhase;
			buildActionMask = 2147483647;
			files = (
				1B7EB7101E6C735B0069D549 /* LaunchScreen.storyboard in Resources */,
				1B7EB70D1E6C735B0069D549 /* Assets.xcassets in Resources */,
				1B7EB70B1E6C735B0069D549 /* Main.storyboard in Resources */,
			);
			runOnlyForDeploymentPostprocessing = 0;
		};
		1B7EB7141E6C735B0069D549 /* Resources */ = {
			isa = PBXResourcesBuildPhase;
			buildActionMask = 2147483647;
			files = (
			);
			runOnlyForDeploymentPostprocessing = 0;
		};
/* End PBXResourcesBuildPhase section */

/* Begin PBXSourcesBuildPhase section */
		1B7EB6FE1E6C735A0069D549 /* Sources */ = {
			isa = PBXSourcesBuildPhase;
			buildActionMask = 2147483647;
			files = (
				1B7EB7081E6C735B0069D549 /* ViewController.swift in Sources */,
				1B7EB7061E6C735A0069D549 /* AppDelegate.swift in Sources */,
			);
			runOnlyForDeploymentPostprocessing = 0;
		};
		1B7EB7121E6C735B0069D549 /* Sources */ = {
			isa = PBXSourcesBuildPhase;
			buildActionMask = 2147483647;
			files = (
				1B7EB71B1E6C735B0069D549 /* VFlyerTests.swift in Sources */,
			);
			runOnlyForDeploymentPostprocessing = 0;
		};
/* End PBXSourcesBuildPhase section */

/* Begin PBXTargetDependency section */
		1B7EB7181E6C735B0069D549 /* PBXTargetDependency */ = {
			isa = PBXTargetDependency;
			target = 1B7EB7011E6C735A0069D549 /* VFlyer */;
			targetProxy = 1B7EB7171E6C735B0069D549 /* PBXContainerItemProxy */;
		};
/* End PBXTargetDependency section */

/* Begin PBXVariantGroup section */
		1B7EB7091E6C735B0069D549 /* Main.storyboard */ = {
			isa = PBXVariantGroup;
			children = (
				1B7EB70A1E6C735B0069D549 /* Base */,
			);
			name = Main.storyboard;
			sourceTree = "<group>";
		};
		1B7EB70E1E6C735B0069D549 /* LaunchScreen.storyboard */ = {
			isa = PBXVariantGroup;
			children = (
				1B7EB70F1E6C735B0069D549 /* Base */,
			);
			name = LaunchScreen.storyboard;
			sourceTree = "<group>";
		};
/* End PBXVariantGroup section */

/* Begin XCBuildConfiguration section */
		1B7EB71D1E6C735B0069D549 /* Debug */ = {
			isa = XCBuildConfiguration;
			buildSettings = {
				ALWAYS_SEARCH_USER_PATHS = NO;
				CLANG_ANALYZER_NONNULL = YES;
				CLANG_CXX_LANGUAGE_STANDARD = "gnu++0x";
				CLANG_CXX_LIBRARY = "libc++";
				CLANG_ENABLE_MODULES = YES;
				CLANG_ENABLE_OBJC_ARC = YES;
				CLANG_WARN_BOOL_CONVERSION = YES;
				CLANG_WARN_CONSTANT_CONVERSION = YES;
				CLANG_WARN_DIRECT_OBJC_ISA_USAGE = YES_ERROR;
				CLANG_WARN_DOCUMENTATION_COMMENTS = YES;
				CLANG_WARN_EMPTY_BODY = YES;
				CLANG_WARN_ENUM_CONVERSION = YES;
				CLANG_WARN_INFINITE_RECURSION = YES;
				CLANG_WARN_INT_CONVERSION = YES;
				CLANG_WARN_OBJC_ROOT_CLASS = YES_ERROR;
				CLANG_WARN_SUSPICIOUS_MOVE = YES;
				CLANG_WARN_UNREACHABLE_CODE = YES;
				CLANG_WARN__DUPLICATE_METHOD_MATCH = YES;
				"CODE_SIGN_IDENTITY[sdk=iphoneos*]" = "iPhone Developer";
				COPY_PHASE_STRIP = NO;
				DEBUG_INFORMATION_FORMAT = dwarf;
				ENABLE_STRICT_OBJC_MSGSEND = YES;
				ENABLE_TESTABILITY = YES;
				GCC_C_LANGUAGE_STANDARD = gnu99;
				GCC_DYNAMIC_NO_PIC = NO;
				GCC_NO_COMMON_BLOCKS = YES;
				GCC_OPTIMIZATION_LEVEL = 0;
				GCC_PREPROCESSOR_DEFINITIONS = (
					"DEBUG=1",
					"$(inherited)",
				);
				GCC_WARN_64_TO_32_BIT_CONVERSION = YES;
				GCC_WARN_ABOUT_RETURN_TYPE = YES_ERROR;
				GCC_WARN_UNDECLARED_SELECTOR = YES;
				GCC_WARN_UNINITIALIZED_AUTOS = YES_AGGRESSIVE;
				GCC_WARN_UNUSED_FUNCTION = YES;
				GCC_WARN_UNUSED_VARIABLE = YES;
				IPHONEOS_DEPLOYMENT_TARGET = 10.2;
				MTL_ENABLE_DEBUG_INFO = YES;
				ONLY_ACTIVE_ARCH = YES;
				SDKROOT = iphoneos;
				SWIFT_ACTIVE_COMPILATION_CONDITIONS = DEBUG;
				SWIFT_OPTIMIZATION_LEVEL = "-Onone";
				TARGETED_DEVICE_FAMILY = "1,2";
			};
			name = Debug;
		};
		1B7EB71E1E6C735B0069D549 /* Release */ = {
			isa = XCBuildConfiguration;
			buildSettings = {
				ALWAYS_SEARCH_USER_PATHS = NO;
				CLANG_ANALYZER_NONNULL = YES;
				CLANG_CXX_LANGUAGE_STANDARD = "gnu++0x";
				CLANG_CXX_LIBRARY = "libc++";
				CLANG_ENABLE_MODULES = YES;
				CLANG_ENABLE_OBJC_ARC = YES;
				CLANG_WARN_BOOL_CONVERSION = YES;
				CLANG_WARN_CONSTANT_CONVERSION = YES;
				CLANG_WARN_DIRECT_OBJC_ISA_USAGE = YES_ERROR;
				CLANG_WARN_DOCUMENTATION_COMMENTS = YES;
				CLANG_WARN_EMPTY_BODY = YES;
				CLANG_WARN_ENUM_CONVERSION = YES;
				CLANG_WARN_INFINITE_RECURSION = YES;
				CLANG_WARN_INT_CONVERSION = YES;
				CLANG_WARN_OBJC_ROOT_CLASS = YES_ERROR;
				CLANG_WARN_SUSPICIOUS_MOVE = YES;
				CLANG_WARN_UNREACHABLE_CODE = YES;
				CLANG_WARN__DUPLICATE_METHOD_MATCH = YES;
				"CODE_SIGN_IDENTITY[sdk=iphoneos*]" = "iPhone Developer";
				COPY_PHASE_STRIP = NO;
				DEBUG_INFORMATION_FORMAT = "dwarf-with-dsym";
				ENABLE_NS_ASSERTIONS = NO;
				ENABLE_STRICT_OBJC_MSGSEND = YES;
				GCC_C_LANGUAGE_STANDARD = gnu99;
				GCC_NO_COMMON_BLOCKS = YES;
				GCC_WARN_64_TO_32_BIT_CONVERSION = YES;
				GCC_WARN_ABOUT_RETURN_TYPE = YES_ERROR;
				GCC_WARN_UNDECLARED_SELECTOR = YES;
				GCC_WARN_UNINITIALIZED_AUTOS = YES_AGGRESSIVE;
				GCC_WARN_UNUSED_FUNCTION = YES;
				GCC_WARN_UNUSED_VARIABLE = YES;
				IPHONEOS_DEPLOYMENT_TARGET = 10.2;
				MTL_ENABLE_DEBUG_INFO = NO;
				SDKROOT = iphoneos;
				SWIFT_OPTIMIZATION_LEVEL = "-Owholemodule";
				TARGETED_DEVICE_FAMILY = "1,2";
				VALIDATE_PRODUCT = YES;
			};
			name = Release;
		};
		1B7EB7201E6C735B0069D549 /* Debug */ = {
			isa = XCBuildConfiguration;
			buildSettings = {
				ASSETCATALOG_COMPILER_APPICON_NAME = AppIcon;
				DEVELOPMENT_TEAM = 6X5B26J782;
				INFOPLIST_FILE = VFlyer/Info.plist;
				LD_RUNPATH_SEARCH_PATHS = "$(inherited) @executable_path/Frameworks";
				PRODUCT_BUNDLE_IDENTIFIER = com.example.VFlyer;
				PRODUCT_NAME = "$(TARGET_NAME)";
				SWIFT_VERSION = 3.0;
			};
			name = Debug;
		};
		1B7EB7211E6C735B0069D549 /* Release */ = {
			isa = XCBuildConfiguration;
			buildSettings = {
				ASSETCATALOG_COMPILER_APPICON_NAME = AppIcon;
				DEVELOPMENT_TEAM = 6X5B26J782;
				INFOPLIST_FILE = VFlyer/Info.plist;
				LD_RUNPATH_SEARCH_PATHS = "$(inherited) @executable_path/Frameworks";
				PRODUCT_BUNDLE_IDENTIFIER = com.example.VFlyer;
				PRODUCT_NAME = "$(TARGET_NAME)";
				SWIFT_VERSION = 3.0;
			};
			name = Release;
		};
		1B7EB7231E6C735B0069D549 /* Debug */ = {
			isa = XCBuildConfiguration;
			buildSettings = {
				ALWAYS_EMBED_SWIFT_STANDARD_LIBRARIES = YES;
				BUNDLE_LOADER = "$(TEST_HOST)";
				DEVELOPMENT_TEAM = 6X5B26J782;
				INFOPLIST_FILE = VFlyerTests/Info.plist;
				LD_RUNPATH_SEARCH_PATHS = "$(inherited) @executable_path/Frameworks @loader_path/Frameworks";
				PRODUCT_BUNDLE_IDENTIFIER = com.example.VFlyerTests;
				PRODUCT_NAME = "$(TARGET_NAME)";
				SWIFT_VERSION = 3.0;
				TEST_HOST = "$(BUILT_PRODUCTS_DIR)/VFlyer.app/VFlyer";
			};
			name = Debug;
		};
		1B7EB7241E6C735B0069D549 /* Release */ = {
			isa = XCBuildConfiguration;
			buildSettings = {
				ALWAYS_EMBED_SWIFT_STANDARD_LIBRARIES = YES;
				BUNDLE_LOADER = "$(TEST_HOST)";
				DEVELOPMENT_TEAM = 6X5B26J782;
				INFOPLIST_FILE = VFlyerTests/Info.plist;
				LD_RUNPATH_SEARCH_PATHS = "$(inherited) @executable_path/Frameworks @loader_path/Frameworks";
				PRODUCT_BUNDLE_IDENTIFIER = com.example.VFlyerTests;
				PRODUCT_NAME = "$(TARGET_NAME)";
				SWIFT_VERSION = 3.0;
				TEST_HOST = "$(BUILT_PRODUCTS_DIR)/VFlyer.app/VFlyer";
			};
			name = Release;
		};
/* End XCBuildConfiguration section */

/* Begin XCConfigurationList section */
		1B7EB6FD1E6C735A0069D549 /* Build configuration list for PBXProject "VFlyer" */ = {
			isa = XCConfigurationList;
			buildConfigurations = (
				1B7EB71D1E6C735B0069D549 /* Debug */,
				1B7EB71E1E6C735B0069D549 /* Release */,
			);
			defaultConfigurationIsVisible = 0;
			defaultConfigurationName = Release;
		};
		1B7EB71F1E6C735B0069D549 /* Build configuration list for PBXNativeTarget "VFlyer" */ = {
			isa = XCConfigurationList;
			buildConfigurations = (
				1B7EB7201E6C735B0069D549 /* Debug */,
				1B7EB7211E6C735B0069D549 /* Release */,
			);
			defaultConfigurationIsVisible = 0;
		};
		1B7EB7221E6C735B0069D549 /* Build configuration list for PBXNativeTarget "VFlyerTests" */ = {
			isa = XCConfigurationList;
			buildConfigurations = (
				1B7EB7231E6C735B0069D549 /* Debug */,
				1B7EB7241E6C735B0069D549 /* Release */,
			);
			defaultConfigurationIsVisible = 0;
		};
/* End XCConfigurationList section */
	};
	rootObject = 1B7EB6FA1E6C735A0069D549 /* Project object */;
}
